
Microsoft Visual Studio Solution File, Format Version 12.00
# Visual Studio Version 16
VisualStudioVersion = 16.0.32126.315
MinimumVisualStudioVersion = 10.0.40219.1
Project("{FAE04EC0-301F-11D3-BF4B-00C04F79EFBC}") = "Prueba", "Prueba.csproj", "{FEFF3966-CB65-41DA-BBB0-84D691CD7C9D}"
EndProject
Global
	GlobalSection(SolutionConfigurationPlatforms) = preSolution
		Debug|Any CPU = Debug|Any CPU
		Release|Any CPU = Release|Any CPU
	EndGlobalSection
	GlobalSection(ProjectConfigurationPlatforms) = postSolution
		{FEFF3966-CB65-41DA-BBB0-84D691CD7C9D}.Debug|Any CPU.ActiveCfg = Debug|Any CPU
		{FEFF3966-CB65-41DA-BBB0-84D691CD7C9D}.Debug|Any CPU.Build.0 = Debug|Any CPU
		{FEFF3966-CB65-41DA-BBB0-84D691CD7C9D}.Release|Any CPU.ActiveCfg = Release|Any CPU
		{FEFF3966-CB65-41DA-BBB0-84D691CD7C9D}.Release|Any CPU.Build.0 = Release|Any CPU
	EndGlobalSection
	GlobalSection(SolutionProperties) = preSolution
		HideSolutionNode = FALSE
	EndGlobalSection
	GlobalSection(ExtensibilityGlobals) = postSolution
		SolutionGuid = {9FE96532-E332-4EE8-AF25-96188A39AC79}
	EndGlobalSection
EndGlobal
